{
  "version": "v1",
  "packages": {
    "ft-confirmation-dialog": {
      "signature": "a713a4bf5bdae8839e76001abe2ac659",
      "file": true
    },
    "ft-error-behavior": {
      "signature": "1b335d84711be52d0d40e327e3c1e76a",
      "file": true
    },
    "ft-http-behavior": {
      "signature": "43ccf0b053cd81cc1edefea84505c2ef",
      "file": true
    },
    "ft-scrolling-behavior": {
      "signature": "5d9503fef8bc07bc2ddab3f8ff61068e",
      "file": true
    },
    "ft-connect-behavior": {
      "signature": "269b9b69b3d011a38648dfd5e4f43d5b",
      "file": true
    },
    "ft-connection-panel": {
      "signature": "89baf59001114bd162ba9769206d9518",
      "file": true
    },
    "ft-document-panel": {
      "signature": "40b4957dd9a59ee270fb4a02a3c82c93",
      "file": true
    },
    "ft-source-panel": {
      "signature": "3418bcec4d88e61dc310f30fbf56f2f8",
      "file": true
    },
    "ft-user-interaction-form": {
      "signature": "8d960569b8dc8dbd167b9fa4f015ca04",
      "file": true
    }
  }
}