{
  "version": "v1",
  "packages": {
    "ft-confirmation-dialog": {
      "signature": "9ccdaa49a0e3ce7d5e933490bb795bf4",
      "file": true
    },
    "ft-error-behavior": {
      "signature": "6ff4479cae98ebbe8f5684867a9f415e",
      "file": true
    },
    "ft-http-behavior": {
      "signature": "99372eeb8f83b2efedf63854c55cef4f",
      "file": true
    },
    "ft-scrolling-behavior": {
      "signature": "a0760912d0e5f316770a0e3594b04175",
      "file": true
    },
    "ft-connect-behavior": {
      "signature": "43956766177413a840027f726a0ccd87",
      "file": true
    },
    "ft-connection-panel": {
      "signature": "014a3ca6ec425a8d5516e0ad4677fd2b",
      "file": true
    },
    "ft-document-panel": {
      "signature": "0c440db2655f71a8d521caf2ddf87ac8",
      "file": true
    },
    "ft-source-panel": {
      "signature": "e0612269b63ebeb144a94037b3b5cb4d",
      "file": true
    },
    "ft-user-interaction-form": {
      "signature": "62c571c7645efc77178c678fc2580629",
      "file": true
    }
  }
}